
Microsoft Visual Studio Solution File, Format Version 12.00
# Visual Studio 14
VisualStudioVersion = 14.0.25420.1
MinimumVisualStudioVersion = 10.0.40219.1
Project("{FAE04EC0-301F-11D3-BF4B-00C04F79EFBC}") = "ATNB.UI", "ATNB.UI\ATNB.UI.csproj", "{8A1E28CA-0CCD-4CD1-96B9-016406E966A7}"
EndProject
Project("{FAE04EC0-301F-11D3-BF4B-00C04F79EFBC}") = "ATNB.Common", "ATNB.Common\ATNB.Common.csproj", "{1491D23C-12DF-4DCA-B2A1-0ED1EDA58C5A}"
EndProject
Project("{FAE04EC0-301F-11D3-BF4B-00C04F79EFBC}") = "ATNB.BUS", "ATNB.BUS\ATNB.BUS.csproj", "{1AE4C763-6266-4A01-9D7E-E291A7466AB8}"
EndProject
Project("{FAE04EC0-301F-11D3-BF4B-00C04F79EFBC}") = "ATNB.DAL", "ATNB.DAL\ATNB.DAL.csproj", "{DE56330E-F7C3-43AD-8379-7A7B6B84EB0B}"
EndProject
Global
	GlobalSection(SolutionConfigurationPlatforms) = preSolution
		Debug|Any CPU = Debug|Any CPU
		Release|Any CPU = Release|Any CPU
	EndGlobalSection
	GlobalSection(ProjectConfigurationPlatforms) = postSolution
		{8A1E28CA-0CCD-4CD1-96B9-016406E966A7}.Debug|Any CPU.ActiveCfg = Debug|Any CPU
		{8A1E28CA-0CCD-4CD1-96B9-016406E966A7}.Debug|Any CPU.Build.0 = Debug|Any CPU
		{8A1E28CA-0CCD-4CD1-96B9-016406E966A7}.Release|Any CPU.ActiveCfg = Release|Any CPU
		{8A1E28CA-0CCD-4CD1-96B9-016406E966A7}.Release|Any CPU.Build.0 = Release|Any CPU
		{1491D23C-12DF-4DCA-B2A1-0ED1EDA58C5A}.Debug|Any CPU.ActiveCfg = Debug|Any CPU
		{1491D23C-12DF-4DCA-B2A1-0ED1EDA58C5A}.Debug|Any CPU.Build.0 = Debug|Any CPU
		{1491D23C-12DF-4DCA-B2A1-0ED1EDA58C5A}.Release|Any CPU.ActiveCfg = Release|Any CPU
		{1491D23C-12DF-4DCA-B2A1-0ED1EDA58C5A}.Release|Any CPU.Build.0 = Release|Any CPU
		{1AE4C763-6266-4A01-9D7E-E291A7466AB8}.Debug|Any CPU.ActiveCfg = Debug|Any CPU
		{1AE4C763-6266-4A01-9D7E-E291A7466AB8}.Debug|Any CPU.Build.0 = Debug|Any CPU
		{1AE4C763-6266-4A01-9D7E-E291A7466AB8}.Release|Any CPU.ActiveCfg = Release|Any CPU
		{1AE4C763-6266-4A01-9D7E-E291A7466AB8}.Release|Any CPU.Build.0 = Release|Any CPU
		{DE56330E-F7C3-43AD-8379-7A7B6B84EB0B}.Debug|Any CPU.ActiveCfg = Debug|Any CPU
		{DE56330E-F7C3-43AD-8379-7A7B6B84EB0B}.Debug|Any CPU.Build.0 = Debug|Any CPU
		{DE56330E-F7C3-43AD-8379-7A7B6B84EB0B}.Release|Any CPU.ActiveCfg = Release|Any CPU
		{DE56330E-F7C3-43AD-8379-7A7B6B84EB0B}.Release|Any CPU.Build.0 = Release|Any CPU
	EndGlobalSection
	GlobalSection(SolutionProperties) = preSolution
		HideSolutionNode = FALSE
	EndGlobalSection
EndGlobal
